// !$*UTF8*$!
{
	archiveVersion = 1;
	classes = {
	};
	objectVersion = 50;
	objects = {

/* Begin PBXBuildFile section */
		5280367125FDD5D700FB185D /* AppDelegate.swift in Sources */ = {isa = PBXBuildFile; fileRef = 5280367025FDD5D700FB185D /* AppDelegate.swift */; };
		5280367325FDD5D700FB185D /* SceneDelegate.swift in Sources */ = {isa = PBXBuildFile; fileRef = 5280367225FDD5D700FB185D /* SceneDelegate.swift */; };
		5280367825FDD5D700FB185D /* Main.storyboard in Resources */ = {isa = PBXBuildFile; fileRef = 5280367625FDD5D700FB185D /* Main.storyboard */; };
		5280367A25FDD5D800FB185D /* Assets.xcassets in Resources */ = {isa = PBXBuildFile; fileRef = 5280367925FDD5D800FB185D /* Assets.xcassets */; };
		5280367D25FDD5D800FB185D /* LaunchScreen.storyboard in Resources */ = {isa = PBXBuildFile; fileRef = 5280367B25FDD5D800FB185D /* LaunchScreen.storyboard */; };
		5280369325FDD72900FB185D /* CryptoListViewController.swift in Sources */ = {isa = PBXBuildFile; fileRef = 5280369225FDD72900FB185D /* CryptoListViewController.swift */; };
		5280369625FDD74F00FB185D /* CryptoDetailViewController.swift in Sources */ = {isa = PBXBuildFile; fileRef = 5280369525FDD74F00FB185D /* CryptoDetailViewController.swift */; };
		5280369C25FDD7D600FB185D /* ServicesRequest.swift in Sources */ = {isa = PBXBuildFile; fileRef = 5280369B25FDD7D600FB185D /* ServicesRequest.swift */; };
		528036A325FDD88C00FB185D /* CryptoServiceDefinitions.swift in Sources */ = {isa = PBXBuildFile; fileRef = 528036A225FDD88C00FB185D /* CryptoServiceDefinitions.swift */; };
		528036A625FDD98100FB185D /* CryptoNetworkResult.swift in Sources */ = {isa = PBXBuildFile; fileRef = 528036A525FDD98100FB185D /* CryptoNetworkResult.swift */; };
		528036A925FDD9E200FB185D /* CryptoEntryDto.swift in Sources */ = {isa = PBXBuildFile; fileRef = 528036A825FDD9E200FB185D /* CryptoEntryDto.swift */; };
		528036AC25FDDA6E00FB185D /* CryptoRequest.swift in Sources */ = {isa = PBXBuildFile; fileRef = 528036AB25FDDA6E00FB185D /* CryptoRequest.swift */; };
		528036B525FDE1CC00FB185D /* APICrypto.swift in Sources */ = {isa = PBXBuildFile; fileRef = 528036B425FDE1CC00FB185D /* APICrypto.swift */; };
/* End PBXBuildFile section */

/* Begin PBXFileReference section */
		5280366D25FDD5D700FB185D /* Crypto.app */ = {isa = PBXFileReference; explicitFileType = wrapper.application; includeInIndex = 0; path = Crypto.app; sourceTree = BUILT_PRODUCTS_DIR; };
		5280367025FDD5D700FB185D /* AppDelegate.swift */ = {isa = PBXFileReference; lastKnownFileType = sourcecode.swift; path = AppDelegate.swift; sourceTree = "<group>"; };
		5280367225FDD5D700FB185D /* SceneDelegate.swift */ = {isa = PBXFileReference; lastKnownFileType = sourcecode.swift; path = SceneDelegate.swift; sourceTree = "<group>"; };
		5280367725FDD5D700FB185D /* Base */ = {isa = PBXFileReference; lastKnownFileType = file.storyboard; name = Base; path = Base.lproj/Main.storyboard; sourceTree = "<group>"; };
		5280367925FDD5D800FB185D /* Assets.xcassets */ = {isa = PBXFileReference; lastKnownFileType = folder.assetcatalog; path = Assets.xcassets; sourceTree = "<group>"; };
		5280367C25FDD5D800FB185D /* Base */ = {isa = PBXFileReference; lastKnownFileType = file.storyboard; name = Base; path = Base.lproj/LaunchScreen.storyboard; sourceTree = "<group>"; };
		5280367E25FDD5D800FB185D /* Info.plist */ = {isa = PBXFileReference; lastKnownFileType = text.plist.xml; path = Info.plist; sourceTree = "<group>"; };
		5280369225FDD72900FB185D /* CryptoListViewController.swift */ = {isa = PBXFileReference; lastKnownFileType = sourcecode.swift; name = CryptoListViewController.swift; path = Crypto/list/views/viewcontrollers/CryptoListViewController.swift; sourceTree = SOURCE_ROOT; };
		5280369525FDD74F00FB185D /* CryptoDetailViewController.swift */ = {isa = PBXFileReference; lastKnownFileType = sourcecode.swift; path = CryptoDetailViewController.swift; sourceTree = "<group>"; };
		5280369B25FDD7D600FB185D /* ServicesRequest.swift */ = {isa = PBXFileReference; lastKnownFileType = sourcecode.swift; path = ServicesRequest.swift; sourceTree = "<group>"; };
		528036A225FDD88C00FB185D /* CryptoServiceDefinitions.swift */ = {isa = PBXFileReference; lastKnownFileType = sourcecode.swift; path = CryptoServiceDefinitions.swift; sourceTree = "<group>"; };
		528036A525FDD98100FB185D /* CryptoNetworkResult.swift */ = {isa = PBXFileReference; lastKnownFileType = sourcecode.swift; path = CryptoNetworkResult.swift; sourceTree = "<group>"; };
		528036A825FDD9E200FB185D /* CryptoEntryDto.swift */ = {isa = PBXFileReference; lastKnownFileType = sourcecode.swift; path = CryptoEntryDto.swift; sourceTree = "<group>"; };
		528036AB25FDDA6E00FB185D /* CryptoRequest.swift */ = {isa = PBXFileReference; lastKnownFileType = sourcecode.swift; path = CryptoRequest.swift; sourceTree = "<group>"; };
		528036B425FDE1CC00FB185D /* APICrypto.swift */ = {isa = PBXFileReference; lastKnownFileType = sourcecode.swift; path = APICrypto.swift; sourceTree = "<group>"; };
/* End PBXFileReference section */

/* Begin PBXFrameworksBuildPhase section */
		5280366A25FDD5D700FB185D /* Frameworks */ = {
			isa = PBXFrameworksBuildPhase;
			buildActionMask = 2147483647;
			files = (
			);
			runOnlyForDeploymentPostprocessing = 0;
		};
/* End PBXFrameworksBuildPhase section */

/* Begin PBXGroup section */
		5280366425FDD5D700FB185D = {
			isa = PBXGroup;
			children = (
				5280366F25FDD5D700FB185D /* Crypto */,
				5280366E25FDD5D700FB185D /* Products */,
			);
			sourceTree = "<group>";
		};
		5280366E25FDD5D700FB185D /* Products */ = {
			isa = PBXGroup;
			children = (
				5280366D25FDD5D700FB185D /* Crypto.app */,
			);
			name = Products;
			sourceTree = "<group>";
		};
		5280366F25FDD5D700FB185D /* Crypto */ = {
			isa = PBXGroup;
			children = (
				5280369A25FDD7B800FB185D /* networking */,
				5280368625FDD66100FB185D /* detail */,
				5280368525FDD65300FB185D /* list */,
				5280367025FDD5D700FB185D /* AppDelegate.swift */,
				5280367225FDD5D700FB185D /* SceneDelegate.swift */,
				5280367625FDD5D700FB185D /* Main.storyboard */,
				5280367925FDD5D800FB185D /* Assets.xcassets */,
				5280367B25FDD5D800FB185D /* LaunchScreen.storyboard */,
				5280367E25FDD5D800FB185D /* Info.plist */,
				528036B425FDE1CC00FB185D /* APICrypto.swift */,
			);
			path = Crypto;
			sourceTree = "<group>";
		};
		5280368525FDD65300FB185D /* list */ = {
			isa = PBXGroup;
			children = (
				5280368725FDD66B00FB185D /* models */,
				5280368825FDD67E00FB185D /* views */,
				5280368925FDD68300FB185D /* viewmodels */,
			);
			path = list;
			sourceTree = "<group>";
		};
		5280368625FDD66100FB185D /* detail */ = {
			isa = PBXGroup;
			children = (
				5280368C25FDD6AD00FB185D /* models */,
				5280368B25FDD6A600FB185D /* views */,
				5280368A25FDD69600FB185D /* viewmodels */,
			);
			path = detail;
			sourceTree = "<group>";
		};
		5280368725FDD66B00FB185D /* models */ = {
			isa = PBXGroup;
			children = (
				528036A825FDD9E200FB185D /* CryptoEntryDto.swift */,
			);
			path = models;
			sourceTree = "<group>";
		};
		5280368825FDD67E00FB185D /* views */ = {
			isa = PBXGroup;
			children = (
				5280369025FDD6EC00FB185D /* customs */,
				5280368F25FDD6E600FB185D /* viewcontrollers */,
			);
			path = views;
			sourceTree = "<group>";
		};
		5280368925FDD68300FB185D /* viewmodels */ = {
			isa = PBXGroup;
			children = (
			);
			path = viewmodels;
			sourceTree = "<group>";
		};
		5280368A25FDD69600FB185D /* viewmodels */ = {
			isa = PBXGroup;
			children = (
			);
			path = viewmodels;
			sourceTree = "<group>";
		};
		5280368B25FDD6A600FB185D /* views */ = {
			isa = PBXGroup;
			children = (
				5280368E25FDD6DF00FB185D /* customs */,
				5280368D25FDD6D800FB185D /* viewcontrollers */,
			);
			path = views;
			sourceTree = "<group>";
		};
		5280368C25FDD6AD00FB185D /* models */ = {
			isa = PBXGroup;
			children = (
			);
			path = models;
			sourceTree = "<group>";
		};
		5280368D25FDD6D800FB185D /* viewcontrollers */ = {
			isa = PBXGroup;
			children = (
				5280369525FDD74F00FB185D /* CryptoDetailViewController.swift */,
			);
			path = viewcontrollers;
			sourceTree = "<group>";
		};
		5280368E25FDD6DF00FB185D /* customs */ = {
			isa = PBXGroup;
			children = (
			);
			path = customs;
			sourceTree = "<group>";
		};
		5280368F25FDD6E600FB185D /* viewcontrollers */ = {
			isa = PBXGroup;
			children = (
				5280369225FDD72900FB185D /* CryptoListViewController.swift */,
			);
			path = viewcontrollers;
			sourceTree = "<group>";
		};
		5280369025FDD6EC00FB185D /* customs */ = {
			isa = PBXGroup;
			children = (
			);
			path = customs;
			sourceTree = "<group>";
		};
		5280369A25FDD7B800FB185D /* networking */ = {
			isa = PBXGroup;
			children = (
				5280369B25FDD7D600FB185D /* ServicesRequest.swift */,
				528036A225FDD88C00FB185D /* CryptoServiceDefinitions.swift */,
				528036A525FDD98100FB185D /* CryptoNetworkResult.swift */,
				528036AB25FDDA6E00FB185D /* CryptoRequest.swift */,
			);
			path = networking;
			sourceTree = "<group>";
		};
/* End PBXGroup section */

/* Begin PBXNativeTarget section */
		5280366C25FDD5D700FB185D /* Crypto */ = {
			isa = PBXNativeTarget;
			buildConfigurationList = 5280368125FDD5D800FB185D /* Build configuration list for PBXNativeTarget "Crypto" */;
			buildPhases = (
				5280366925FDD5D700FB185D /* Sources */,
				5280366A25FDD5D700FB185D /* Frameworks */,
				5280366B25FDD5D700FB185D /* Resources */,
			);
			buildRules = (
			);
			dependencies = (
			);
			name = Crypto;
			productName = Crypto;
			productReference = 5280366D25FDD5D700FB185D /* Crypto.app */;
			productType = "com.apple.product-type.application";
		};
/* End PBXNativeTarget section */

/* Begin PBXProject section */
		5280366525FDD5D700FB185D /* Project object */ = {
			isa = PBXProject;
			attributes = {
				LastSwiftUpdateCheck = 1210;
				LastUpgradeCheck = 1210;
				TargetAttributes = {
					5280366C25FDD5D700FB185D = {
						CreatedOnToolsVersion = 12.1;
					};
				};
			};
			buildConfigurationList = 5280366825FDD5D700FB185D /* Build configuration list for PBXProject "Crypto" */;
			compatibilityVersion = "Xcode 9.3";
			developmentRegion = en;
			hasScannedForEncodings = 0;
			knownRegions = (
				en,
				Base,
			);
			mainGroup = 5280366425FDD5D700FB185D;
			productRefGroup = 5280366E25FDD5D700FB185D /* Products */;
			projectDirPath = "";
			projectRoot = "";
			targets = (
				5280366C25FDD5D700FB185D /* Crypto */,
			);
		};
/* End PBXProject section */

/* Begin PBXResourcesBuildPhase section */
		5280366B25FDD5D700FB185D /* Resources */ = {
			isa = PBXResourcesBuildPhase;
			buildActionMask = 2147483647;
			files = (
				5280367D25FDD5D800FB185D /* LaunchScreen.storyboard in Resources */,
				5280367A25FDD5D800FB185D /* Assets.xcassets in Resources */,
				5280367825FDD5D700FB185D /* Main.storyboard in Resources */,
			);
			runOnlyForDeploymentPostprocessing = 0;
		};
/* End PBXResourcesBuildPhase section */

/* Begin PBXSourcesBuildPhase section */
		5280366925FDD5D700FB185D /* Sources */ = {
			isa = PBXSourcesBuildPhase;
			buildActionMask = 2147483647;
			files = (
				5280369325FDD72900FB185D /* CryptoListViewController.swift in Sources */,
				528036B525FDE1CC00FB185D /* APICrypto.swift in Sources */,
				528036A925FDD9E200FB185D /* CryptoEntryDto.swift in Sources */,
				5280367125FDD5D700FB185D /* AppDelegate.swift in Sources */,
				5280367325FDD5D700FB185D /* SceneDelegate.swift in Sources */,
				5280369625FDD74F00FB185D /* CryptoDetailViewController.swift in Sources */,
				528036A325FDD88C00FB185D /* CryptoServiceDefinitions.swift in Sources */,
				528036A625FDD98100FB185D /* CryptoNetworkResult.swift in Sources */,
				528036AC25FDDA6E00FB185D /* CryptoRequest.swift in Sources */,
				5280369C25FDD7D600FB185D /* ServicesRequest.swift in Sources */,
			);
			runOnlyForDeploymentPostprocessing = 0;
		};
/* End PBXSourcesBuildPhase section */

/* Begin PBXVariantGroup section */
		5280367625FDD5D700FB185D /* Main.storyboard */ = {
			isa = PBXVariantGroup;
			children = (
				5280367725FDD5D700FB185D /* Base */,
			);
			name = Main.storyboard;
			sourceTree = "<group>";
		};
		5280367B25FDD5D800FB185D /* LaunchScreen.storyboard */ = {
			isa = PBXVariantGroup;
			children = (
				5280367C25FDD5D800FB185D /* Base */,
			);
			name = LaunchScreen.storyboard;
			sourceTree = "<group>";
		};
/* End PBXVariantGroup section */

/* Begin XCBuildConfiguration section */
		5280367F25FDD5D800FB185D /* Debug */ = {
			isa = XCBuildConfiguration;
			buildSettings = {
				ALWAYS_SEARCH_USER_PATHS = NO;
				CLANG_ANALYZER_NONNULL = YES;
				CLANG_ANALYZER_NUMBER_OBJECT_CONVERSION = YES_AGGRESSIVE;
				CLANG_CXX_LANGUAGE_STANDARD = "gnu++14";
				CLANG_CXX_LIBRARY = "libc++";
				CLANG_ENABLE_MODULES = YES;
				CLANG_ENABLE_OBJC_ARC = YES;
				CLANG_ENABLE_OBJC_WEAK = YES;
				CLANG_WARN_BLOCK_CAPTURE_AUTORELEASING = YES;
				CLANG_WARN_BOOL_CONVERSION = YES;
				CLANG_WARN_COMMA = YES;
				CLANG_WARN_CONSTANT_CONVERSION = YES;
				CLANG_WARN_DEPRECATED_OBJC_IMPLEMENTATIONS = YES;
				CLANG_WARN_DIRECT_OBJC_ISA_USAGE = YES_ERROR;
				CLANG_WARN_DOCUMENTATION_COMMENTS = YES;
				CLANG_WARN_EMPTY_BODY = YES;
				CLANG_WARN_ENUM_CONVERSION = YES;
				CLANG_WARN_INFINITE_RECURSION = YES;
				CLANG_WARN_INT_CONVERSION = YES;
				CLANG_WARN_NON_LITERAL_NULL_CONVERSION = YES;
				CLANG_WARN_OBJC_IMPLICIT_RETAIN_SELF = YES;
				CLANG_WARN_OBJC_LITERAL_CONVERSION = YES;
				CLANG_WARN_OBJC_ROOT_CLASS = YES_ERROR;
				CLANG_WARN_QUOTED_INCLUDE_IN_FRAMEWORK_HEADER = YES;
				CLANG_WARN_RANGE_LOOP_ANALYSIS = YES;
				CLANG_WARN_STRICT_PROTOTYPES = YES;
				CLANG_WARN_SUSPICIOUS_MOVE = YES;
				CLANG_WARN_UNGUARDED_AVAILABILITY = YES_AGGRESSIVE;
				CLANG_WARN_UNREACHABLE_CODE = YES;
				CLANG_WARN__DUPLICATE_METHOD_MATCH = YES;
				COPY_PHASE_STRIP = NO;
				DEBUG_INFORMATION_FORMAT = dwarf;
				ENABLE_STRICT_OBJC_MSGSEND = YES;
				ENABLE_TESTABILITY = YES;
				GCC_C_LANGUAGE_STANDARD = gnu11;
				GCC_DYNAMIC_NO_PIC = NO;
				GCC_NO_COMMON_BLOCKS = YES;
				GCC_OPTIMIZATION_LEVEL = 0;
				GCC_PREPROCESSOR_DEFINITIONS = (
					"DEBUG=1",
					"$(inherited)",
				);
				GCC_WARN_64_TO_32_BIT_CONVERSION = YES;
				GCC_WARN_ABOUT_RETURN_TYPE = YES_ERROR;
				GCC_WARN_UNDECLARED_SELECTOR = YES;
				GCC_WARN_UNINITIALIZED_AUTOS = YES_AGGRESSIVE;
				GCC_WARN_UNUSED_FUNCTION = YES;
				GCC_WARN_UNUSED_VARIABLE = YES;
				IPHONEOS_DEPLOYMENT_TARGET = 14.1;
				MTL_ENABLE_DEBUG_INFO = INCLUDE_SOURCE;
				MTL_FAST_MATH = YES;
				ONLY_ACTIVE_ARCH = YES;
				SDKROOT = iphoneos;
				SWIFT_ACTIVE_COMPILATION_CONDITIONS = DEBUG;
				SWIFT_OPTIMIZATION_LEVEL = "-Onone";
			};
			name = Debug;
		};
		5280368025FDD5D800FB185D /* Release */ = {
			isa = XCBuildConfiguration;
			buildSettings = {
				ALWAYS_SEARCH_USER_PATHS = NO;
				CLANG_ANALYZER_NONNULL = YES;
				CLANG_ANALYZER_NUMBER_OBJECT_CONVERSION = YES_AGGRESSIVE;
				CLANG_CXX_LANGUAGE_STANDARD = "gnu++14";
				CLANG_CXX_LIBRARY = "libc++";
				CLANG_ENABLE_MODULES = YES;
				CLANG_ENABLE_OBJC_ARC = YES;
				CLANG_ENABLE_OBJC_WEAK = YES;
				CLANG_WARN_BLOCK_CAPTURE_AUTORELEASING = YES;
				CLANG_WARN_BOOL_CONVERSION = YES;
				CLANG_WARN_COMMA = YES;
				CLANG_WARN_CONSTANT_CONVERSION = YES;
				CLANG_WARN_DEPRECATED_OBJC_IMPLEMENTATIONS = YES;
				CLANG_WARN_DIRECT_OBJC_ISA_USAGE = YES_ERROR;
				CLANG_WARN_DOCUMENTATION_COMMENTS = YES;
				CLANG_WARN_EMPTY_BODY = YES;
				CLANG_WARN_ENUM_CONVERSION = YES;
				CLANG_WARN_INFINITE_RECURSION = YES;
				CLANG_WARN_INT_CONVERSION = YES;
				CLANG_WARN_NON_LITERAL_NULL_CONVERSION = YES;
				CLANG_WARN_OBJC_IMPLICIT_RETAIN_SELF = YES;
				CLANG_WARN_OBJC_LITERAL_CONVERSION = YES;
				CLANG_WARN_OBJC_ROOT_CLASS = YES_ERROR;
				CLANG_WARN_QUOTED_INCLUDE_IN_FRAMEWORK_HEADER = YES;
				CLANG_WARN_RANGE_LOOP_ANALYSIS = YES;
				CLANG_WARN_STRICT_PROTOTYPES = YES;
				CLANG_WARN_SUSPICIOUS_MOVE = YES;
				CLANG_WARN_UNGUARDED_AVAILABILITY = YES_AGGRESSIVE;
				CLANG_WARN_UNREACHABLE_CODE = YES;
				CLANG_WARN__DUPLICATE_METHOD_MATCH = YES;
				COPY_PHASE_STRIP = NO;
				DEBUG_INFORMATION_FORMAT = "dwarf-with-dsym";
				ENABLE_NS_ASSERTIONS = NO;
				ENABLE_STRICT_OBJC_MSGSEND = YES;
				GCC_C_LANGUAGE_STANDARD = gnu11;
				GCC_NO_COMMON_BLOCKS = YES;
				GCC_WARN_64_TO_32_BIT_CONVERSION = YES;
				GCC_WARN_ABOUT_RETURN_TYPE = YES_ERROR;
				GCC_WARN_UNDECLARED_SELECTOR = YES;
				GCC_WARN_UNINITIALIZED_AUTOS = YES_AGGRESSIVE;
				GCC_WARN_UNUSED_FUNCTION = YES;
				GCC_WARN_UNUSED_VARIABLE = YES;
				IPHONEOS_DEPLOYMENT_TARGET = 14.1;
				MTL_ENABLE_DEBUG_INFO = NO;
				MTL_FAST_MATH = YES;
				SDKROOT = iphoneos;
				SWIFT_COMPILATION_MODE = wholemodule;
				SWIFT_OPTIMIZATION_LEVEL = "-O";
				VALIDATE_PRODUCT = YES;
			};
			name = Release;
		};
		5280368225FDD5D800FB185D /* Debug */ = {
			isa = XCBuildConfiguration;
			buildSettings = {
				ASSETCATALOG_COMPILER_APPICON_NAME = AppIcon;
				ASSETCATALOG_COMPILER_GLOBAL_ACCENT_COLOR_NAME = AccentColor;
				CODE_SIGN_STYLE = Automatic;
				DEVELOPMENT_TEAM = 864633AW3F;
				INFOPLIST_FILE = Crypto/Info.plist;
				LD_RUNPATH_SEARCH_PATHS = (
					"$(inherited)",
					"@executable_path/Frameworks",
				);
				PRODUCT_BUNDLE_IDENTIFIER = com.cryptoclient.Crypto;
				PRODUCT_NAME = "$(TARGET_NAME)";
				SWIFT_VERSION = 5.0;
				TARGETED_DEVICE_FAMILY = "1,2";
			};
			name = Debug;
		};
		5280368325FDD5D800FB185D /* Release */ = {
			isa = XCBuildConfiguration;
			buildSettings = {
				ASSETCATALOG_COMPILER_APPICON_NAME = AppIcon;
				ASSETCATALOG_COMPILER_GLOBAL_ACCENT_COLOR_NAME = AccentColor;
				CODE_SIGN_STYLE = Automatic;
				DEVELOPMENT_TEAM = 864633AW3F;
				INFOPLIST_FILE = Crypto/Info.plist;
				LD_RUNPATH_SEARCH_PATHS = (
					"$(inherited)",
					"@executable_path/Frameworks",
				);
				PRODUCT_BUNDLE_IDENTIFIER = com.cryptoclient.Crypto;
				PRODUCT_NAME = "$(TARGET_NAME)";
				SWIFT_VERSION = 5.0;
				TARGETED_DEVICE_FAMILY = "1,2";
			};
			name = Release;
		};
/* End XCBuildConfiguration section */

/* Begin XCConfigurationList section */
		5280366825FDD5D700FB185D /* Build configuration list for PBXProject "Crypto" */ = {
			isa = XCConfigurationList;
			buildConfigurations = (
				5280367F25FDD5D800FB185D /* Debug */,
				5280368025FDD5D800FB185D /* Release */,
			);
			defaultConfigurationIsVisible = 0;
			defaultConfigurationName = Release;
		};
		5280368125FDD5D800FB185D /* Build configuration list for PBXNativeTarget "Crypto" */ = {
			isa = XCConfigurationList;
			buildConfigurations = (
				5280368225FDD5D800FB185D /* Debug */,
				5280368325FDD5D800FB185D /* Release */,
			);
			defaultConfigurationIsVisible = 0;
			defaultConfigurationName = Release;
		};
/* End XCConfigurationList section */
	};
	rootObject = 5280366525FDD5D700FB185D /* Project object */;
}
